
Microsoft Visual Studio Solution File, Format Version 12.00
# Visual Studio 2015
Project("{FAE04EC0-301F-11D3-BF4B-00C04F79EFBC}") = "PitCoB.CSharp", "PitCoB.CSharp.csproj", "{063445B8-CEAE-876E-A9E4-D561AE32CC17}"
EndProject
Global
	GlobalSection(SolutionConfigurationPlatforms) = preSolution
		Debug|Any CPU = Debug|Any CPU
		Release|Any CPU = Release|Any CPU
	EndGlobalSection
	GlobalSection(ProjectConfigurationPlatforms) = postSolution
		{063445B8-CEAE-876E-A9E4-D561AE32CC17}.Debug|Any CPU.ActiveCfg = Debug|Any CPU
		{063445B8-CEAE-876E-A9E4-D561AE32CC17}.Debug|Any CPU.Build.0 = Debug|Any CPU
		{063445B8-CEAE-876E-A9E4-D561AE32CC17}.Release|Any CPU.ActiveCfg = Release|Any CPU
		{063445B8-CEAE-876E-A9E4-D561AE32CC17}.Release|Any CPU.Build.0 = Release|Any CPU
	EndGlobalSection
	GlobalSection(SolutionProperties) = preSolution
		HideSolutionNode = FALSE
	EndGlobalSection
EndGlobal
